
Microsoft Visual Studio Solution File, Format Version 12.00
# Visual Studio Version 16
VisualStudioVersion = 16.0.30413.136
MinimumVisualStudioVersion = 10.0.40219.1
Project("{FAE04EC0-301F-11D3-BF4B-00C04F79EFBC}") = "LexiconLotto", "LexiconLotto\LexiconLotto.csproj", "{FCEAE3B2-4ADB-4837-8866-27DB6C35D166}"
EndProject
Global
	GlobalSection(SolutionConfigurationPlatforms) = preSolution
		Debug|Any CPU = Debug|Any CPU
		Release|Any CPU = Release|Any CPU
	EndGlobalSection
	GlobalSection(ProjectConfigurationPlatforms) = postSolution
		{FCEAE3B2-4ADB-4837-8866-27DB6C35D166}.Debug|Any CPU.ActiveCfg = Debug|Any CPU
		{FCEAE3B2-4ADB-4837-8866-27DB6C35D166}.Debug|Any CPU.Build.0 = Debug|Any CPU
		{FCEAE3B2-4ADB-4837-8866-27DB6C35D166}.Release|Any CPU.ActiveCfg = Release|Any CPU
		{FCEAE3B2-4ADB-4837-8866-27DB6C35D166}.Release|Any CPU.Build.0 = Release|Any CPU
	EndGlobalSection
	GlobalSection(SolutionProperties) = preSolution
		HideSolutionNode = FALSE
	EndGlobalSection
	GlobalSection(ExtensibilityGlobals) = postSolution
		SolutionGuid = {4B11FA5F-6771-4119-AB3F-D8384D8A933B}
	EndGlobalSection
EndGlobal
